// !$*UTF8*$!
{
	archiveVersion = 1;
	classes = {
	};
	objectVersion = 50;
	objects = {

/* Begin PBXBuildFile section */
		FA3CBA602718BD2200AEC10F /* AppDelegate.swift in Sources */ = {isa = PBXBuildFile; fileRef = FA3CBA5F2718BD2200AEC10F /* AppDelegate.swift */; };
		FA3CBA622718BD2200AEC10F /* SceneDelegate.swift in Sources */ = {isa = PBXBuildFile; fileRef = FA3CBA612718BD2200AEC10F /* SceneDelegate.swift */; };
		FA3CBA642718BD2200AEC10F /* ViewController.swift in Sources */ = {isa = PBXBuildFile; fileRef = FA3CBA632718BD2200AEC10F /* ViewController.swift */; };
		FA3CBA672718BD2200AEC10F /* Main.storyboard in Resources */ = {isa = PBXBuildFile; fileRef = FA3CBA652718BD2200AEC10F /* Main.storyboard */; };
		FA3CBA692718BD2700AEC10F /* Assets.xcassets in Resources */ = {isa = PBXBuildFile; fileRef = FA3CBA682718BD2700AEC10F /* Assets.xcassets */; };
		FA3CBA6C2718BD2700AEC10F /* LaunchScreen.storyboard in Resources */ = {isa = PBXBuildFile; fileRef = FA3CBA6A2718BD2700AEC10F /* LaunchScreen.storyboard */; };
		FA3CBA752719B67600AEC10F /* SentimetModel.mlmodel in Sources */ = {isa = PBXBuildFile; fileRef = FA3CBA742719B67600AEC10F /* SentimetModel.mlmodel */; };
		FA3CBA8E271A114300AEC10F /* SwifteriOS.framework in Frameworks */ = {isa = PBXBuildFile; fileRef = FA3CBA80271A105800AEC10F /* SwifteriOS.framework */; };
		FA3CBA8F271A114300AEC10F /* SwifteriOS.framework in Embed Frameworks */ = {isa = PBXBuildFile; fileRef = FA3CBA80271A105800AEC10F /* SwifteriOS.framework */; settings = {ATTRIBUTES = (CodeSignOnCopy, RemoveHeadersOnCopy, ); }; };
/* End PBXBuildFile section */

/* Begin PBXContainerItemProxy section */
		FA3CBA7F271A105800AEC10F /* PBXContainerItemProxy */ = {
			isa = PBXContainerItemProxy;
			containerPortal = FA3CBA77271A105700AEC10F /* Swifter.xcodeproj */;
			proxyType = 2;
			remoteGlobalIDString = 8B9F50EE1944A5AB00894629;
			remoteInfo = SwifteriOS;
		};
		FA3CBA81271A105800AEC10F /* PBXContainerItemProxy */ = {
			isa = PBXContainerItemProxy;
			containerPortal = FA3CBA77271A105700AEC10F /* Swifter.xcodeproj */;
			proxyType = 2;
			remoteGlobalIDString = 8B9F51131944A61D00894629;
			remoteInfo = SwifterMac;
		};
		FA3CBA83271A105800AEC10F /* PBXContainerItemProxy */ = {
			isa = PBXContainerItemProxy;
			containerPortal = FA3CBA77271A105700AEC10F /* Swifter.xcodeproj */;
			proxyType = 2;
			remoteGlobalIDString = 8B300C1F1944AA1A00993175;
			remoteInfo = SwifterDemoiOS;
		};
		FA3CBA85271A105800AEC10F /* PBXContainerItemProxy */ = {
			isa = PBXContainerItemProxy;
			containerPortal = FA3CBA77271A105700AEC10F /* Swifter.xcodeproj */;
			proxyType = 2;
			remoteGlobalIDString = 8B300C471944AECB00993175;
			remoteInfo = SwifterDemoMac;
		};
		FA3CBA87271A105800AEC10F /* PBXContainerItemProxy */ = {
			isa = PBXContainerItemProxy;
			containerPortal = FA3CBA77271A105700AEC10F /* Swifter.xcodeproj */;
			proxyType = 2;
			remoteGlobalIDString = F6B4D5751C7BAC4500E06514;
			remoteInfo = SwifterTests;
		};
/* End PBXContainerItemProxy section */

/* Begin PBXCopyFilesBuildPhase section */
		FA3CBA90271A114400AEC10F /* Embed Frameworks */ = {
			isa = PBXCopyFilesBuildPhase;
			buildActionMask = 2147483647;
			dstPath = "";
			dstSubfolderSpec = 10;
			files = (
				FA3CBA8F271A114300AEC10F /* SwifteriOS.framework in Embed Frameworks */,
			);
			name = "Embed Frameworks";
			runOnlyForDeploymentPostprocessing = 0;
		};
/* End PBXCopyFilesBuildPhase section */

/* Begin PBXFileReference section */
		FA3CBA5C2718BD2200AEC10F /* TwitterPredictor.app */ = {isa = PBXFileReference; explicitFileType = wrapper.application; includeInIndex = 0; path = TwitterPredictor.app; sourceTree = BUILT_PRODUCTS_DIR; };
		FA3CBA5F2718BD2200AEC10F /* AppDelegate.swift */ = {isa = PBXFileReference; lastKnownFileType = sourcecode.swift; path = AppDelegate.swift; sourceTree = "<group>"; };
		FA3CBA612718BD2200AEC10F /* SceneDelegate.swift */ = {isa = PBXFileReference; lastKnownFileType = sourcecode.swift; path = SceneDelegate.swift; sourceTree = "<group>"; };
		FA3CBA632718BD2200AEC10F /* ViewController.swift */ = {isa = PBXFileReference; lastKnownFileType = sourcecode.swift; path = ViewController.swift; sourceTree = "<group>"; };
		FA3CBA662718BD2200AEC10F /* Base */ = {isa = PBXFileReference; lastKnownFileType = file.storyboard; name = Base; path = Base.lproj/Main.storyboard; sourceTree = "<group>"; };
		FA3CBA682718BD2700AEC10F /* Assets.xcassets */ = {isa = PBXFileReference; lastKnownFileType = folder.assetcatalog; path = Assets.xcassets; sourceTree = "<group>"; };
		FA3CBA6B2718BD2700AEC10F /* Base */ = {isa = PBXFileReference; lastKnownFileType = file.storyboard; name = Base; path = Base.lproj/LaunchScreen.storyboard; sourceTree = "<group>"; };
		FA3CBA6D2718BD2700AEC10F /* Info.plist */ = {isa = PBXFileReference; lastKnownFileType = text.plist.xml; path = Info.plist; sourceTree = "<group>"; };
		FA3CBA742719B67600AEC10F /* SentimetModel.mlmodel */ = {isa = PBXFileReference; lastKnownFileType = file.mlmodel; path = SentimetModel.mlmodel; sourceTree = "<group>"; };
		FA3CBA77271A105700AEC10F /* Swifter.xcodeproj */ = {isa = PBXFileReference; lastKnownFileType = "wrapper.pb-project"; name = Swifter.xcodeproj; path = ../../SWIFT/Swifter/Swifter.xcodeproj; sourceTree = "<group>"; };
/* End PBXFileReference section */

/* Begin PBXFrameworksBuildPhase section */
		FA3CBA592718BD2200AEC10F /* Frameworks */ = {
			isa = PBXFrameworksBuildPhase;
			buildActionMask = 2147483647;
			files = (
				FA3CBA8E271A114300AEC10F /* SwifteriOS.framework in Frameworks */,
			);
			runOnlyForDeploymentPostprocessing = 0;
		};
/* End PBXFrameworksBuildPhase section */

/* Begin PBXGroup section */
		FA3CBA532718BD2200AEC10F = {
			isa = PBXGroup;
			children = (
				FA3CBA77271A105700AEC10F /* Swifter.xcodeproj */,
				FA3CBA5E2718BD2200AEC10F /* TwitterPredictor */,
				FA3CBA5D2718BD2200AEC10F /* Products */,
				FA3CBA8D271A114300AEC10F /* Frameworks */,
			);
			sourceTree = "<group>";
		};
		FA3CBA5D2718BD2200AEC10F /* Products */ = {
			isa = PBXGroup;
			children = (
				FA3CBA5C2718BD2200AEC10F /* TwitterPredictor.app */,
			);
			name = Products;
			sourceTree = "<group>";
		};
		FA3CBA5E2718BD2200AEC10F /* TwitterPredictor */ = {
			isa = PBXGroup;
			children = (
				FA3CBA5F2718BD2200AEC10F /* AppDelegate.swift */,
				FA3CBA612718BD2200AEC10F /* SceneDelegate.swift */,
				FA3CBA632718BD2200AEC10F /* ViewController.swift */,
				FA3CBA742719B67600AEC10F /* SentimetModel.mlmodel */,
				FA3CBA652718BD2200AEC10F /* Main.storyboard */,
				FA3CBA682718BD2700AEC10F /* Assets.xcassets */,
				FA3CBA6A2718BD2700AEC10F /* LaunchScreen.storyboard */,
				FA3CBA6D2718BD2700AEC10F /* Info.plist */,
			);
			path = TwitterPredictor;
			sourceTree = "<group>";
		};
		FA3CBA78271A105700AEC10F /* Products */ = {
			isa = PBXGroup;
			children = (
				FA3CBA80271A105800AEC10F /* SwifteriOS.framework */,
				FA3CBA82271A105800AEC10F /* SwifterMac.framework */,
				FA3CBA84271A105800AEC10F /* SwifterDemoiOS.app */,
				FA3CBA86271A105800AEC10F /* SwifterDemoMac.app */,
				FA3CBA88271A105800AEC10F /* SwifterTests.xctest */,
			);
			name = Products;
			sourceTree = "<group>";
		};
		FA3CBA8D271A114300AEC10F /* Frameworks */ = {
			isa = PBXGroup;
			children = (
			);
			name = Frameworks;
			sourceTree = "<group>";
		};
/* End PBXGroup section */

/* Begin PBXNativeTarget section */
		FA3CBA5B2718BD2200AEC10F /* TwitterPredictor */ = {
			isa = PBXNativeTarget;
			buildConfigurationList = FA3CBA702718BD2700AEC10F /* Build configuration list for PBXNativeTarget "TwitterPredictor" */;
			buildPhases = (
				FA3CBA582718BD2200AEC10F /* Sources */,
				FA3CBA592718BD2200AEC10F /* Frameworks */,
				FA3CBA5A2718BD2200AEC10F /* Resources */,
				FA3CBA90271A114400AEC10F /* Embed Frameworks */,
			);
			buildRules = (
			);
			dependencies = (
			);
			name = TwitterPredictor;
			productName = TwitterPredictor;
			productReference = FA3CBA5C2718BD2200AEC10F /* TwitterPredictor.app */;
			productType = "com.apple.product-type.application";
		};
/* End PBXNativeTarget section */

/* Begin PBXProject section */
		FA3CBA542718BD2200AEC10F /* Project object */ = {
			isa = PBXProject;
			attributes = {
				LastSwiftUpdateCheck = 1240;
				LastUpgradeCheck = 1240;
				TargetAttributes = {
					FA3CBA5B2718BD2200AEC10F = {
						CreatedOnToolsVersion = 12.4;
					};
				};
			};
			buildConfigurationList = FA3CBA572718BD2200AEC10F /* Build configuration list for PBXProject "TwitterPredictor" */;
			compatibilityVersion = "Xcode 9.3";
			developmentRegion = en;
			hasScannedForEncodings = 0;
			knownRegions = (
				en,
				Base,
			);
			mainGroup = FA3CBA532718BD2200AEC10F;
			productRefGroup = FA3CBA5D2718BD2200AEC10F /* Products */;
			projectDirPath = "";
			projectReferences = (
				{
					ProductGroup = FA3CBA78271A105700AEC10F /* Products */;
					ProjectRef = FA3CBA77271A105700AEC10F /* Swifter.xcodeproj */;
				},
			);
			projectRoot = "";
			targets = (
				FA3CBA5B2718BD2200AEC10F /* TwitterPredictor */,
			);
		};
/* End PBXProject section */

/* Begin PBXReferenceProxy section */
		FA3CBA80271A105800AEC10F /* SwifteriOS.framework */ = {
			isa = PBXReferenceProxy;
			fileType = wrapper.framework;
			path = SwifteriOS.framework;
			remoteRef = FA3CBA7F271A105800AEC10F /* PBXContainerItemProxy */;
			sourceTree = BUILT_PRODUCTS_DIR;
		};
		FA3CBA82271A105800AEC10F /* SwifterMac.framework */ = {
			isa = PBXReferenceProxy;
			fileType = wrapper.framework;
			path = SwifterMac.framework;
			remoteRef = FA3CBA81271A105800AEC10F /* PBXContainerItemProxy */;
			sourceTree = BUILT_PRODUCTS_DIR;
		};
		FA3CBA84271A105800AEC10F /* SwifterDemoiOS.app */ = {
			isa = PBXReferenceProxy;
			fileType = wrapper.application;
			path = SwifterDemoiOS.app;
			remoteRef = FA3CBA83271A105800AEC10F /* PBXContainerItemProxy */;
			sourceTree = BUILT_PRODUCTS_DIR;
		};
		FA3CBA86271A105800AEC10F /* SwifterDemoMac.app */ = {
			isa = PBXReferenceProxy;
			fileType = wrapper.application;
			path = SwifterDemoMac.app;
			remoteRef = FA3CBA85271A105800AEC10F /* PBXContainerItemProxy */;
			sourceTree = BUILT_PRODUCTS_DIR;
		};
		FA3CBA88271A105800AEC10F /* SwifterTests.xctest */ = {
			isa = PBXReferenceProxy;
			fileType = wrapper.cfbundle;
			path = SwifterTests.xctest;
			remoteRef = FA3CBA87271A105800AEC10F /* PBXContainerItemProxy */;
			sourceTree = BUILT_PRODUCTS_DIR;
		};
/* End PBXReferenceProxy section */

/* Begin PBXResourcesBuildPhase section */
		FA3CBA5A2718BD2200AEC10F /* Resources */ = {
			isa = PBXResourcesBuildPhase;
			buildActionMask = 2147483647;
			files = (
				FA3CBA6C2718BD2700AEC10F /* LaunchScreen.storyboard in Resources */,
				FA3CBA692718BD2700AEC10F /* Assets.xcassets in Resources */,
				FA3CBA672718BD2200AEC10F /* Main.storyboard in Resources */,
			);
			runOnlyForDeploymentPostprocessing = 0;
		};
/* End PBXResourcesBuildPhase section */

/* Begin PBXSourcesBuildPhase section */
		FA3CBA582718BD2200AEC10F /* Sources */ = {
			isa = PBXSourcesBuildPhase;
			buildActionMask = 2147483647;
			files = (
				FA3CBA642718BD2200AEC10F /* ViewController.swift in Sources */,
				FA3CBA602718BD2200AEC10F /* AppDelegate.swift in Sources */,
				FA3CBA622718BD2200AEC10F /* SceneDelegate.swift in Sources */,
				FA3CBA752719B67600AEC10F /* SentimetModel.mlmodel in Sources */,
			);
			runOnlyForDeploymentPostprocessing = 0;
		};
/* End PBXSourcesBuildPhase section */

/* Begin PBXVariantGroup section */
		FA3CBA652718BD2200AEC10F /* Main.storyboard */ = {
			isa = PBXVariantGroup;
			children = (
				FA3CBA662718BD2200AEC10F /* Base */,
			);
			name = Main.storyboard;
			sourceTree = "<group>";
		};
		FA3CBA6A2718BD2700AEC10F /* LaunchScreen.storyboard */ = {
			isa = PBXVariantGroup;
			children = (
				FA3CBA6B2718BD2700AEC10F /* Base */,
			);
			name = LaunchScreen.storyboard;
			sourceTree = "<group>";
		};
/* End PBXVariantGroup section */

/* Begin XCBuildConfiguration section */
		FA3CBA6E2718BD2700AEC10F /* Debug */ = {
			isa = XCBuildConfiguration;
			buildSettings = {
				ALWAYS_SEARCH_USER_PATHS = NO;
				CLANG_ANALYZER_NONNULL = YES;
				CLANG_ANALYZER_NUMBER_OBJECT_CONVERSION = YES_AGGRESSIVE;
				CLANG_CXX_LANGUAGE_STANDARD = "gnu++14";
				CLANG_CXX_LIBRARY = "libc++";
				CLANG_ENABLE_MODULES = YES;
				CLANG_ENABLE_OBJC_ARC = YES;
				CLANG_ENABLE_OBJC_WEAK = YES;
				CLANG_WARN_BLOCK_CAPTURE_AUTORELEASING = YES;
				CLANG_WARN_BOOL_CONVERSION = YES;
				CLANG_WARN_COMMA = YES;
				CLANG_WARN_CONSTANT_CONVERSION = YES;
				CLANG_WARN_DEPRECATED_OBJC_IMPLEMENTATIONS = YES;
				CLANG_WARN_DIRECT_OBJC_ISA_USAGE = YES_ERROR;
				CLANG_WARN_DOCUMENTATION_COMMENTS = YES;
				CLANG_WARN_EMPTY_BODY = YES;
				CLANG_WARN_ENUM_CONVERSION = YES;
				CLANG_WARN_INFINITE_RECURSION = YES;
				CLANG_WARN_INT_CONVERSION = YES;
				CLANG_WARN_NON_LITERAL_NULL_CONVERSION = YES;
				CLANG_WARN_OBJC_IMPLICIT_RETAIN_SELF = YES;
				CLANG_WARN_OBJC_LITERAL_CONVERSION = YES;
				CLANG_WARN_OBJC_ROOT_CLASS = YES_ERROR;
				CLANG_WARN_QUOTED_INCLUDE_IN_FRAMEWORK_HEADER = YES;
				CLANG_WARN_RANGE_LOOP_ANALYSIS = YES;
				CLANG_WARN_STRICT_PROTOTYPES = YES;
				CLANG_WARN_SUSPICIOUS_MOVE = YES;
				CLANG_WARN_UNGUARDED_AVAILABILITY = YES_AGGRESSIVE;
				CLANG_WARN_UNREACHABLE_CODE = YES;
				CLANG_WARN__DUPLICATE_METHOD_MATCH = YES;
				COPY_PHASE_STRIP = NO;
				DEBUG_INFORMATION_FORMAT = dwarf;
				ENABLE_STRICT_OBJC_MSGSEND = YES;
				ENABLE_TESTABILITY = YES;
				GCC_C_LANGUAGE_STANDARD = gnu11;
				GCC_DYNAMIC_NO_PIC = NO;
				GCC_NO_COMMON_BLOCKS = YES;
				GCC_OPTIMIZATION_LEVEL = 0;
				GCC_PREPROCESSOR_DEFINITIONS = (
					"DEBUG=1",
					"$(inherited)",
				);
				GCC_WARN_64_TO_32_BIT_CONVERSION = YES;
				GCC_WARN_ABOUT_RETURN_TYPE = YES_ERROR;
				GCC_WARN_UNDECLARED_SELECTOR = YES;
				GCC_WARN_UNINITIALIZED_AUTOS = YES_AGGRESSIVE;
				GCC_WARN_UNUSED_FUNCTION = YES;
				GCC_WARN_UNUSED_VARIABLE = YES;
				IPHONEOS_DEPLOYMENT_TARGET = 14.4;
				MTL_ENABLE_DEBUG_INFO = INCLUDE_SOURCE;
				MTL_FAST_MATH = YES;
				ONLY_ACTIVE_ARCH = YES;
				SDKROOT = iphoneos;
				SWIFT_ACTIVE_COMPILATION_CONDITIONS = DEBUG;
				SWIFT_OPTIMIZATION_LEVEL = "-Onone";
			};
			name = Debug;
		};
		FA3CBA6F2718BD2700AEC10F /* Release */ = {
			isa = XCBuildConfiguration;
			buildSettings = {
				ALWAYS_SEARCH_USER_PATHS = NO;
				CLANG_ANALYZER_NONNULL = YES;
				CLANG_ANALYZER_NUMBER_OBJECT_CONVERSION = YES_AGGRESSIVE;
				CLANG_CXX_LANGUAGE_STANDARD = "gnu++14";
				CLANG_CXX_LIBRARY = "libc++";
				CLANG_ENABLE_MODULES = YES;
				CLANG_ENABLE_OBJC_ARC = YES;
				CLANG_ENABLE_OBJC_WEAK = YES;
				CLANG_WARN_BLOCK_CAPTURE_AUTORELEASING = YES;
				CLANG_WARN_BOOL_CONVERSION = YES;
				CLANG_WARN_COMMA = YES;
				CLANG_WARN_CONSTANT_CONVERSION = YES;
				CLANG_WARN_DEPRECATED_OBJC_IMPLEMENTATIONS = YES;
				CLANG_WARN_DIRECT_OBJC_ISA_USAGE = YES_ERROR;
				CLANG_WARN_DOCUMENTATION_COMMENTS = YES;
				CLANG_WARN_EMPTY_BODY = YES;
				CLANG_WARN_ENUM_CONVERSION = YES;
				CLANG_WARN_INFINITE_RECURSION = YES;
				CLANG_WARN_INT_CONVERSION = YES;
				CLANG_WARN_NON_LITERAL_NULL_CONVERSION = YES;
				CLANG_WARN_OBJC_IMPLICIT_RETAIN_SELF = YES;
				CLANG_WARN_OBJC_LITERAL_CONVERSION = YES;
				CLANG_WARN_OBJC_ROOT_CLASS = YES_ERROR;
				CLANG_WARN_QUOTED_INCLUDE_IN_FRAMEWORK_HEADER = YES;
				CLANG_WARN_RANGE_LOOP_ANALYSIS = YES;
				CLANG_WARN_STRICT_PROTOTYPES = YES;
				CLANG_WARN_SUSPICIOUS_MOVE = YES;
				CLANG_WARN_UNGUARDED_AVAILABILITY = YES_AGGRESSIVE;
				CLANG_WARN_UNREACHABLE_CODE = YES;
				CLANG_WARN__DUPLICATE_METHOD_MATCH = YES;
				COPY_PHASE_STRIP = NO;
				DEBUG_INFORMATION_FORMAT = "dwarf-with-dsym";
				ENABLE_NS_ASSERTIONS = NO;
				ENABLE_STRICT_OBJC_MSGSEND = YES;
				GCC_C_LANGUAGE_STANDARD = gnu11;
				GCC_NO_COMMON_BLOCKS = YES;
				GCC_WARN_64_TO_32_BIT_CONVERSION = YES;
				GCC_WARN_ABOUT_RETURN_TYPE = YES_ERROR;
				GCC_WARN_UNDECLARED_SELECTOR = YES;
				GCC_WARN_UNINITIALIZED_AUTOS = YES_AGGRESSIVE;
				GCC_WARN_UNUSED_FUNCTION = YES;
				GCC_WARN_UNUSED_VARIABLE = YES;
				IPHONEOS_DEPLOYMENT_TARGET = 14.4;
				MTL_ENABLE_DEBUG_INFO = NO;
				MTL_FAST_MATH = YES;
				SDKROOT = iphoneos;
				SWIFT_COMPILATION_MODE = wholemodule;
				SWIFT_OPTIMIZATION_LEVEL = "-O";
				VALIDATE_PRODUCT = YES;
			};
			name = Release;
		};
		FA3CBA712718BD2700AEC10F /* Debug */ = {
			isa = XCBuildConfiguration;
			buildSettings = {
				ASSETCATALOG_COMPILER_APPICON_NAME = AppIcon;
				ASSETCATALOG_COMPILER_GLOBAL_ACCENT_COLOR_NAME = AccentColor;
				CODE_SIGN_STYLE = Automatic;
				DEVELOPMENT_TEAM = K33FXWL25N;
				INFOPLIST_FILE = TwitterPredictor/Info.plist;
				LD_RUNPATH_SEARCH_PATHS = (
					"$(inherited)",
					"@executable_path/Frameworks",
				);
				PRODUCT_BUNDLE_IDENTIFIER = co.AOS.TwitterPredictor;
				PRODUCT_NAME = "$(TARGET_NAME)";
				SWIFT_VERSION = 5.0;
				TARGETED_DEVICE_FAMILY = "1,2";
			};
			name = Debug;
		};
		FA3CBA722718BD2700AEC10F /* Release */ = {
			isa = XCBuildConfiguration;
			buildSettings = {
				ASSETCATALOG_COMPILER_APPICON_NAME = AppIcon;
				ASSETCATALOG_COMPILER_GLOBAL_ACCENT_COLOR_NAME = AccentColor;
				CODE_SIGN_STYLE = Automatic;
				DEVELOPMENT_TEAM = K33FXWL25N;
				INFOPLIST_FILE = TwitterPredictor/Info.plist;
				LD_RUNPATH_SEARCH_PATHS = (
					"$(inherited)",
					"@executable_path/Frameworks",
				);
				PRODUCT_BUNDLE_IDENTIFIER = co.AOS.TwitterPredictor;
				PRODUCT_NAME = "$(TARGET_NAME)";
				SWIFT_VERSION = 5.0;
				TARGETED_DEVICE_FAMILY = "1,2";
			};
			name = Release;
		};
/* End XCBuildConfiguration section */

/* Begin XCConfigurationList section */
		FA3CBA572718BD2200AEC10F /* Build configuration list for PBXProject "TwitterPredictor" */ = {
			isa = XCConfigurationList;
			buildConfigurations = (
				FA3CBA6E2718BD2700AEC10F /* Debug */,
				FA3CBA6F2718BD2700AEC10F /* Release */,
			);
			defaultConfigurationIsVisible = 0;
			defaultConfigurationName = Release;
		};
		FA3CBA702718BD2700AEC10F /* Build configuration list for PBXNativeTarget "TwitterPredictor" */ = {
			isa = XCConfigurationList;
			buildConfigurations = (
				FA3CBA712718BD2700AEC10F /* Debug */,
				FA3CBA722718BD2700AEC10F /* Release */,
			);
			defaultConfigurationIsVisible = 0;
			defaultConfigurationName = Release;
		};
/* End XCConfigurationList section */
	};
	rootObject = FA3CBA542718BD2200AEC10F /* Project object */;
}
